{
  "version": 4,
  "terraform_version": "1.3.9",
  "serial": 1,
  "lineage": "e8ac2a00-d255-bba3-c600-642d95175d72",
  "outputs": {
    "readEnvVariables": {
      "value": "Hello Akash",
      "type": "string"
    }
  },
  "resources": [
    {
      "mode": "managed",
      "type": "github_repository",
      "name": "localName",
      "provider": "provider[\"registry.terraform.io/hashicorp/github\"]",
      "instances": [
        {
          "schema_version": 1,
          "attributes": {
            "allow_auto_merge": false,
            "allow_merge_commit": true,
            "allow_rebase_merge": true,
            "allow_squash_merge": true,
            "allow_update_branch": false,
            "archive_on_destroy": null,
            "archived": false,
            "auto_init": true,
            "default_branch": "main",
            "delete_branch_on_merge": false,
            "description": "Testing creation",
            "etag": "W/\"585d0d1895b70bad14c3c711d80ea0b23d499c7a2533b399d2cbf54e133ee430\"",
            "full_name": "akashdhanwar/terraform-temp-repo",
            "git_clone_url": "git://github.com/akashdhanwar/terraform-temp-repo.git",
            "gitignore_template": null,
            "has_discussions": false,
            "has_downloads": false,
            "has_issues": false,
            "has_projects": false,
            "has_wiki": false,
            "homepage_url": "",
            "html_url": "https://github.com/akashdhanwar/terraform-temp-repo",
            "http_clone_url": "https://github.com/akashdhanwar/terraform-temp-repo.git",
            "id": "terraform-temp-repo",
            "ignore_vulnerability_alerts_during_read": null,
            "is_template": false,
            "license_template": null,
            "merge_commit_message": "PR_TITLE",
            "merge_commit_title": "MERGE_MESSAGE",
            "name": "terraform-temp-repo",
            "node_id": "R_kgDOJCR1IA",
            "pages": [],
            "private": false,
            "repo_id": 606369056,
            "security_and_analysis": [
              {
                "advanced_security": [],
                "secret_scanning": [
                  {
                    "status": "disabled"
                  }
                ],
                "secret_scanning_push_protection": [
                  {
                    "status": "disabled"
                  }
                ]
              }
            ],
            "squash_merge_commit_message": "COMMIT_MESSAGES",
            "squash_merge_commit_title": "COMMIT_OR_PR_TITLE",
            "ssh_clone_url": "git@github.com:akashdhanwar/terraform-temp-repo.git",
            "svn_url": "https://github.com/akashdhanwar/terraform-temp-repo",
            "template": [],
            "topics": null,
            "visibility": "public",
            "vulnerability_alerts": false
          },
          "sensitive_attributes": [],
          "private": "eyJzY2hlbWFfdmVyc2lvbiI6IjEifQ=="
        }
      ]
    }
  ],
  "check_results": null
}
